// !$*UTF8*$!
{
	archiveVersion = 1;
	classes = {
	};
	objectVersion = 56;
	objects = {

/* Begin PBXBuildFile section */
		C52397202B25AC5C0033CFA5 /* SignInView.swift in Sources */ = {isa = PBXBuildFile; fileRef = C523971F2B25AC5C0033CFA5 /* SignInView.swift */; };
		C52397222B25AE8A0033CFA5 /* SignUpView.swift in Sources */ = {isa = PBXBuildFile; fileRef = C52397212B25AE890033CFA5 /* SignUpView.swift */; };
		C52397242B25BE6B0033CFA5 /* Patient.swift in Sources */ = {isa = PBXBuildFile; fileRef = C52397232B25BE6B0033CFA5 /* Patient.swift */; };
		C52397262B25CA870033CFA5 /* Login.swift in Sources */ = {isa = PBXBuildFile; fileRef = C52397252B25CA870033CFA5 /* Login.swift */; };
		C52397282B25CE170033CFA5 /* UserDefaultsHelper.swift in Sources */ = {isa = PBXBuildFile; fileRef = C52397272B25CE170033CFA5 /* UserDefaultsHelper.swift */; };
		C523972A2B2606220033CFA5 /* KeychainHelper.swift in Sources */ = {isa = PBXBuildFile; fileRef = C52397292B2606220033CFA5 /* KeychainHelper.swift */; };
		C523972D2B2607910033CFA5 /* AuthenticationManager.swift in Sources */ = {isa = PBXBuildFile; fileRef = C523972C2B2607910033CFA5 /* AuthenticationManager.swift */; };
		C53374EC2AF341EA0080A39D /* MedicalConsultationsApp.swift in Sources */ = {isa = PBXBuildFile; fileRef = C53374EB2AF341EA0080A39D /* MedicalConsultationsApp.swift */; };
		C53374EE2AF341EA0080A39D /* ContentView.swift in Sources */ = {isa = PBXBuildFile; fileRef = C53374ED2AF341EA0080A39D /* ContentView.swift */; };
		C53374F02AF341EA0080A39D /* Assets.xcassets in Resources */ = {isa = PBXBuildFile; fileRef = C53374EF2AF341EA0080A39D /* Assets.xcassets */; };
		C53374F32AF341EA0080A39D /* Preview Assets.xcassets in Resources */ = {isa = PBXBuildFile; fileRef = C53374F22AF341EA0080A39D /* Preview Assets.xcassets */; };
		C53374FB2AF348170080A39D /* Specialist.swift in Sources */ = {isa = PBXBuildFile; fileRef = C53374FA2AF348170080A39D /* Specialist.swift */; };
		C53374FD2AF349140080A39D /* Appointment.swift in Sources */ = {isa = PBXBuildFile; fileRef = C53374FC2AF349140080A39D /* Appointment.swift */; };
		C53374FF2AF349B30080A39D /* ScheduleAppointment.swift in Sources */ = {isa = PBXBuildFile; fileRef = C53374FE2AF349B30080A39D /* ScheduleAppointment.swift */; };
		C53375022AF34AD70080A39D /* Date+convertToString.swift in Sources */ = {isa = PBXBuildFile; fileRef = C53375012AF34AD70080A39D /* Date+convertToString.swift */; };
		C53375042AF34B510080A39D /* String+convertDateStringToReadableDate.swift in Sources */ = {isa = PBXBuildFile; fileRef = C53375032AF34B510080A39D /* String+convertDateStringToReadableDate.swift */; };
		C53375082AF34C6F0080A39D /* ButtonView.swift in Sources */ = {isa = PBXBuildFile; fileRef = C53375072AF34C6F0080A39D /* ButtonView.swift */; };
		C533750A2AF34CD60080A39D /* SpecialistCardView.swift in Sources */ = {isa = PBXBuildFile; fileRef = C53375092AF34CD60080A39D /* SpecialistCardView.swift */; };
		C533750C2AF34D5D0080A39D /* CancelAppointmentView.swift in Sources */ = {isa = PBXBuildFile; fileRef = C533750B2AF34D5D0080A39D /* CancelAppointmentView.swift */; };
		C533750E2AF34DA70080A39D /* HomeView.swift in Sources */ = {isa = PBXBuildFile; fileRef = C533750D2AF34DA70080A39D /* HomeView.swift */; };
		C53375102AF34DC10080A39D /* MyAppointmentsView.swift in Sources */ = {isa = PBXBuildFile; fileRef = C533750F2AF34DC10080A39D /* MyAppointmentsView.swift */; };
		C53375122AF34DF90080A39D /* ScheduleAppointmentView.swift in Sources */ = {isa = PBXBuildFile; fileRef = C53375112AF34DF90080A39D /* ScheduleAppointmentView.swift */; };
		C53375152AF34F430080A39D /* WebService.swift in Sources */ = {isa = PBXBuildFile; fileRef = C53375142AF34F430080A39D /* WebService.swift */; };
		C5D3C1992B2651940061C070 /* HomeViewModel.swift in Sources */ = {isa = PBXBuildFile; fileRef = C5D3C1982B2651940061C070 /* HomeViewModel.swift */; };
/* End PBXBuildFile section */

/* Begin PBXFileReference section */
		C523971F2B25AC5C0033CFA5 /* SignInView.swift */ = {isa = PBXFileReference; lastKnownFileType = sourcecode.swift; path = SignInView.swift; sourceTree = "<group>"; };
		C52397212B25AE890033CFA5 /* SignUpView.swift */ = {isa = PBXFileReference; lastKnownFileType = sourcecode.swift; path = SignUpView.swift; sourceTree = "<group>"; };
		C52397232B25BE6B0033CFA5 /* Patient.swift */ = {isa = PBXFileReference; lastKnownFileType = sourcecode.swift; path = Patient.swift; sourceTree = "<group>"; };
		C52397252B25CA870033CFA5 /* Login.swift */ = {isa = PBXFileReference; lastKnownFileType = sourcecode.swift; path = Login.swift; sourceTree = "<group>"; };
		C52397272B25CE170033CFA5 /* UserDefaultsHelper.swift */ = {isa = PBXFileReference; lastKnownFileType = sourcecode.swift; path = UserDefaultsHelper.swift; sourceTree = "<group>"; };
		C52397292B2606220033CFA5 /* KeychainHelper.swift */ = {isa = PBXFileReference; lastKnownFileType = sourcecode.swift; path = KeychainHelper.swift; sourceTree = "<group>"; };
		C523972C2B2607910033CFA5 /* AuthenticationManager.swift */ = {isa = PBXFileReference; lastKnownFileType = sourcecode.swift; path = AuthenticationManager.swift; sourceTree = "<group>"; };
		C53374E82AF341EA0080A39D /* MedicalConsultations.app */ = {isa = PBXFileReference; explicitFileType = wrapper.application; includeInIndex = 0; path = MedicalConsultations.app; sourceTree = BUILT_PRODUCTS_DIR; };
		C53374EB2AF341EA0080A39D /* MedicalConsultationsApp.swift */ = {isa = PBXFileReference; lastKnownFileType = sourcecode.swift; path = MedicalConsultationsApp.swift; sourceTree = "<group>"; };
		C53374ED2AF341EA0080A39D /* ContentView.swift */ = {isa = PBXFileReference; lastKnownFileType = sourcecode.swift; path = ContentView.swift; sourceTree = "<group>"; };
		C53374EF2AF341EA0080A39D /* Assets.xcassets */ = {isa = PBXFileReference; lastKnownFileType = folder.assetcatalog; path = Assets.xcassets; sourceTree = "<group>"; };
		C53374F22AF341EA0080A39D /* Preview Assets.xcassets */ = {isa = PBXFileReference; lastKnownFileType = folder.assetcatalog; path = "Preview Assets.xcassets"; sourceTree = "<group>"; };
		C53374FA2AF348170080A39D /* Specialist.swift */ = {isa = PBXFileReference; lastKnownFileType = sourcecode.swift; path = Specialist.swift; sourceTree = "<group>"; };
		C53374FC2AF349140080A39D /* Appointment.swift */ = {isa = PBXFileReference; lastKnownFileType = sourcecode.swift; path = Appointment.swift; sourceTree = "<group>"; };
		C53374FE2AF349B30080A39D /* ScheduleAppointment.swift */ = {isa = PBXFileReference; lastKnownFileType = sourcecode.swift; path = ScheduleAppointment.swift; sourceTree = "<group>"; };
		C53375012AF34AD70080A39D /* Date+convertToString.swift */ = {isa = PBXFileReference; lastKnownFileType = sourcecode.swift; path = "Date+convertToString.swift"; sourceTree = "<group>"; };
		C53375032AF34B510080A39D /* String+convertDateStringToReadableDate.swift */ = {isa = PBXFileReference; lastKnownFileType = sourcecode.swift; path = "String+convertDateStringToReadableDate.swift"; sourceTree = "<group>"; };
		C53375072AF34C6F0080A39D /* ButtonView.swift */ = {isa = PBXFileReference; lastKnownFileType = sourcecode.swift; path = ButtonView.swift; sourceTree = "<group>"; };
		C53375092AF34CD60080A39D /* SpecialistCardView.swift */ = {isa = PBXFileReference; lastKnownFileType = sourcecode.swift; path = SpecialistCardView.swift; sourceTree = "<group>"; };
		C533750B2AF34D5D0080A39D /* CancelAppointmentView.swift */ = {isa = PBXFileReference; lastKnownFileType = sourcecode.swift; path = CancelAppointmentView.swift; sourceTree = "<group>"; };
		C533750D2AF34DA70080A39D /* HomeView.swift */ = {isa = PBXFileReference; lastKnownFileType = sourcecode.swift; path = HomeView.swift; sourceTree = "<group>"; };
		C533750F2AF34DC10080A39D /* MyAppointmentsView.swift */ = {isa = PBXFileReference; lastKnownFileType = sourcecode.swift; path = MyAppointmentsView.swift; sourceTree = "<group>"; };
		C53375112AF34DF90080A39D /* ScheduleAppointmentView.swift */ = {isa = PBXFileReference; lastKnownFileType = sourcecode.swift; path = ScheduleAppointmentView.swift; sourceTree = "<group>"; };
		C53375142AF34F430080A39D /* WebService.swift */ = {isa = PBXFileReference; lastKnownFileType = sourcecode.swift; path = WebService.swift; sourceTree = "<group>"; };
		C5D3C1982B2651940061C070 /* HomeViewModel.swift */ = {isa = PBXFileReference; lastKnownFileType = sourcecode.swift; path = HomeViewModel.swift; sourceTree = "<group>"; };
/* End PBXFileReference section */

/* Begin PBXFrameworksBuildPhase section */
		C53374E52AF341EA0080A39D /* Frameworks */ = {
			isa = PBXFrameworksBuildPhase;
			buildActionMask = 2147483647;
			files = (
			);
			runOnlyForDeploymentPostprocessing = 0;
		};
/* End PBXFrameworksBuildPhase section */

/* Begin PBXGroup section */
		C523972B2B2607840033CFA5 /* Managers */ = {
			isa = PBXGroup;
			children = (
				C523972C2B2607910033CFA5 /* AuthenticationManager.swift */,
			);
			path = Managers;
			sourceTree = "<group>";
		};
		C53374DF2AF341EA0080A39D = {
			isa = PBXGroup;
			children = (
				C53374EA2AF341EA0080A39D /* MedicalConsultations */,
				C53374E92AF341EA0080A39D /* Products */,
			);
			sourceTree = "<group>";
		};
		C53374E92AF341EA0080A39D /* Products */ = {
			isa = PBXGroup;
			children = (
				C53374E82AF341EA0080A39D /* MedicalConsultations.app */,
			);
			name = Products;
			sourceTree = "<group>";
		};
		C53374EA2AF341EA0080A39D /* MedicalConsultations */ = {
			isa = PBXGroup;
			children = (
				C5D3C1972B26517E0061C070 /* ViewModels */,
				C523972B2B2607840033CFA5 /* Managers */,
				C53375132AF34E510080A39D /* Services */,
				C53375052AF34C4C0080A39D /* Views */,
				C53375002AF34AC60080A39D /* Extensions */,
				C53374F92AF348030080A39D /* Models */,
				C53374EB2AF341EA0080A39D /* MedicalConsultationsApp.swift */,
				C53374ED2AF341EA0080A39D /* ContentView.swift */,
				C53374EF2AF341EA0080A39D /* Assets.xcassets */,
				C53374F12AF341EA0080A39D /* Preview Content */,
			);
			path = MedicalConsultations;
			sourceTree = "<group>";
		};
		C53374F12AF341EA0080A39D /* Preview Content */ = {
			isa = PBXGroup;
			children = (
				C53374F22AF341EA0080A39D /* Preview Assets.xcassets */,
			);
			path = "Preview Content";
			sourceTree = "<group>";
		};
		C53374F92AF348030080A39D /* Models */ = {
			isa = PBXGroup;
			children = (
				C52397232B25BE6B0033CFA5 /* Patient.swift */,
				C53374FA2AF348170080A39D /* Specialist.swift */,
				C53374FE2AF349B30080A39D /* ScheduleAppointment.swift */,
				C53374FC2AF349140080A39D /* Appointment.swift */,
				C52397252B25CA870033CFA5 /* Login.swift */,
			);
			path = Models;
			sourceTree = "<group>";
		};
		C53375002AF34AC60080A39D /* Extensions */ = {
			isa = PBXGroup;
			children = (
				C53375012AF34AD70080A39D /* Date+convertToString.swift */,
				C53375032AF34B510080A39D /* String+convertDateStringToReadableDate.swift */,
			);
			path = Extensions;
			sourceTree = "<group>";
		};
		C53375052AF34C4C0080A39D /* Views */ = {
			isa = PBXGroup;
			children = (
				C53375062AF34C500080A39D /* Components */,
				C533750B2AF34D5D0080A39D /* CancelAppointmentView.swift */,
				C533750D2AF34DA70080A39D /* HomeView.swift */,
				C533750F2AF34DC10080A39D /* MyAppointmentsView.swift */,
				C53375112AF34DF90080A39D /* ScheduleAppointmentView.swift */,
				C523971F2B25AC5C0033CFA5 /* SignInView.swift */,
				C52397212B25AE890033CFA5 /* SignUpView.swift */,
			);
			path = Views;
			sourceTree = "<group>";
		};
		C53375062AF34C500080A39D /* Components */ = {
			isa = PBXGroup;
			children = (
				C53375072AF34C6F0080A39D /* ButtonView.swift */,
				C53375092AF34CD60080A39D /* SpecialistCardView.swift */,
			);
			path = Components;
			sourceTree = "<group>";
		};
		C53375132AF34E510080A39D /* Services */ = {
			isa = PBXGroup;
			children = (
				C53375142AF34F430080A39D /* WebService.swift */,
				C52397272B25CE170033CFA5 /* UserDefaultsHelper.swift */,
				C52397292B2606220033CFA5 /* KeychainHelper.swift */,
			);
			path = Services;
			sourceTree = "<group>";
		};
		C5D3C1972B26517E0061C070 /* ViewModels */ = {
			isa = PBXGroup;
			children = (
				C5D3C1982B2651940061C070 /* HomeViewModel.swift */,
			);
			path = ViewModels;
			sourceTree = "<group>";
		};
/* End PBXGroup section */

/* Begin PBXNativeTarget section */
		C53374E72AF341EA0080A39D /* MedicalConsultations */ = {
			isa = PBXNativeTarget;
			buildConfigurationList = C53374F62AF341EA0080A39D /* Build configuration list for PBXNativeTarget "MedicalConsultations" */;
			buildPhases = (
				C53374E42AF341EA0080A39D /* Sources */,
				C53374E52AF341EA0080A39D /* Frameworks */,
				C53374E62AF341EA0080A39D /* Resources */,
			);
			buildRules = (
			);
			dependencies = (
			);
			name = MedicalConsultations;
			productName = MedicalConsultations;
			productReference = C53374E82AF341EA0080A39D /* MedicalConsultations.app */;
			productType = "com.apple.product-type.application";
		};
/* End PBXNativeTarget section */

/* Begin PBXProject section */
		C53374E02AF341EA0080A39D /* Project object */ = {
			isa = PBXProject;
			attributes = {
				BuildIndependentTargetsInParallel = 1;
				LastSwiftUpdateCheck = 1500;
				LastUpgradeCheck = 1500;
				TargetAttributes = {
					C53374E72AF341EA0080A39D = {
						CreatedOnToolsVersion = 15.0;
					};
				};
			};
			buildConfigurationList = C53374E32AF341EA0080A39D /* Build configuration list for PBXProject "MedicalConsultations" */;
			compatibilityVersion = "Xcode 14.0";
			developmentRegion = en;
			hasScannedForEncodings = 0;
			knownRegions = (
				en,
				Base,
			);
			mainGroup = C53374DF2AF341EA0080A39D;
			productRefGroup = C53374E92AF341EA0080A39D /* Products */;
			projectDirPath = "";
			projectRoot = "";
			targets = (
				C53374E72AF341EA0080A39D /* MedicalConsultations */,
			);
		};
/* End PBXProject section */

/* Begin PBXResourcesBuildPhase section */
		C53374E62AF341EA0080A39D /* Resources */ = {
			isa = PBXResourcesBuildPhase;
			buildActionMask = 2147483647;
			files = (
				C53374F32AF341EA0080A39D /* Preview Assets.xcassets in Resources */,
				C53374F02AF341EA0080A39D /* Assets.xcassets in Resources */,
			);
			runOnlyForDeploymentPostprocessing = 0;
		};
/* End PBXResourcesBuildPhase section */

/* Begin PBXSourcesBuildPhase section */
		C53374E42AF341EA0080A39D /* Sources */ = {
			isa = PBXSourcesBuildPhase;
			buildActionMask = 2147483647;
			files = (
				C52397242B25BE6B0033CFA5 /* Patient.swift in Sources */,
				C5D3C1992B2651940061C070 /* HomeViewModel.swift in Sources */,
				C533750A2AF34CD60080A39D /* SpecialistCardView.swift in Sources */,
				C53374FF2AF349B30080A39D /* ScheduleAppointment.swift in Sources */,
				C523972A2B2606220033CFA5 /* KeychainHelper.swift in Sources */,
				C53375152AF34F430080A39D /* WebService.swift in Sources */,
				C53374EE2AF341EA0080A39D /* ContentView.swift in Sources */,
				C53375122AF34DF90080A39D /* ScheduleAppointmentView.swift in Sources */,
				C53375082AF34C6F0080A39D /* ButtonView.swift in Sources */,
				C53374FB2AF348170080A39D /* Specialist.swift in Sources */,
				C523972D2B2607910033CFA5 /* AuthenticationManager.swift in Sources */,
				C533750E2AF34DA70080A39D /* HomeView.swift in Sources */,
				C52397282B25CE170033CFA5 /* UserDefaultsHelper.swift in Sources */,
				C53375022AF34AD70080A39D /* Date+convertToString.swift in Sources */,
				C52397202B25AC5C0033CFA5 /* SignInView.swift in Sources */,
				C53375042AF34B510080A39D /* String+convertDateStringToReadableDate.swift in Sources */,
				C53374EC2AF341EA0080A39D /* MedicalConsultationsApp.swift in Sources */,
				C52397222B25AE8A0033CFA5 /* SignUpView.swift in Sources */,
				C533750C2AF34D5D0080A39D /* CancelAppointmentView.swift in Sources */,
				C52397262B25CA870033CFA5 /* Login.swift in Sources */,
				C53375102AF34DC10080A39D /* MyAppointmentsView.swift in Sources */,
				C53374FD2AF349140080A39D /* Appointment.swift in Sources */,
			);
			runOnlyForDeploymentPostprocessing = 0;
		};
/* End PBXSourcesBuildPhase section */

/* Begin XCBuildConfiguration section */
		C53374F42AF341EA0080A39D /* Debug */ = {
			isa = XCBuildConfiguration;
			buildSettings = {
				ALWAYS_SEARCH_USER_PATHS = NO;
				ASSETCATALOG_COMPILER_GENERATE_SWIFT_ASSET_SYMBOL_EXTENSIONS = YES;
				CLANG_ANALYZER_NONNULL = YES;
				CLANG_ANALYZER_NUMBER_OBJECT_CONVERSION = YES_AGGRESSIVE;
				CLANG_CXX_LANGUAGE_STANDARD = "gnu++20";
				CLANG_ENABLE_MODULES = YES;
				CLANG_ENABLE_OBJC_ARC = YES;
				CLANG_ENABLE_OBJC_WEAK = YES;
				CLANG_WARN_BLOCK_CAPTURE_AUTORELEASING = YES;
				CLANG_WARN_BOOL_CONVERSION = YES;
				CLANG_WARN_COMMA = YES;
				CLANG_WARN_CONSTANT_CONVERSION = YES;
				CLANG_WARN_DEPRECATED_OBJC_IMPLEMENTATIONS = YES;
				CLANG_WARN_DIRECT_OBJC_ISA_USAGE = YES_ERROR;
				CLANG_WARN_DOCUMENTATION_COMMENTS = YES;
				CLANG_WARN_EMPTY_BODY = YES;
				CLANG_WARN_ENUM_CONVERSION = YES;
				CLANG_WARN_INFINITE_RECURSION = YES;
				CLANG_WARN_INT_CONVERSION = YES;
				CLANG_WARN_NON_LITERAL_NULL_CONVERSION = YES;
				CLANG_WARN_OBJC_IMPLICIT_RETAIN_SELF = YES;
				CLANG_WARN_OBJC_LITERAL_CONVERSION = YES;
				CLANG_WARN_OBJC_ROOT_CLASS = YES_ERROR;
				CLANG_WARN_QUOTED_INCLUDE_IN_FRAMEWORK_HEADER = YES;
				CLANG_WARN_RANGE_LOOP_ANALYSIS = YES;
				CLANG_WARN_STRICT_PROTOTYPES = YES;
				CLANG_WARN_SUSPICIOUS_MOVE = YES;
				CLANG_WARN_UNGUARDED_AVAILABILITY = YES_AGGRESSIVE;
				CLANG_WARN_UNREACHABLE_CODE = YES;
				CLANG_WARN__DUPLICATE_METHOD_MATCH = YES;
				COPY_PHASE_STRIP = NO;
				DEBUG_INFORMATION_FORMAT = dwarf;
				ENABLE_STRICT_OBJC_MSGSEND = YES;
				ENABLE_TESTABILITY = YES;
				ENABLE_USER_SCRIPT_SANDBOXING = YES;
				GCC_C_LANGUAGE_STANDARD = gnu17;
				GCC_DYNAMIC_NO_PIC = NO;
				GCC_NO_COMMON_BLOCKS = YES;
				GCC_OPTIMIZATION_LEVEL = 0;
				GCC_PREPROCESSOR_DEFINITIONS = (
					"DEBUG=1",
					"$(inherited)",
				);
				GCC_WARN_64_TO_32_BIT_CONVERSION = YES;
				GCC_WARN_ABOUT_RETURN_TYPE = YES_ERROR;
				GCC_WARN_UNDECLARED_SELECTOR = YES;
				GCC_WARN_UNINITIALIZED_AUTOS = YES_AGGRESSIVE;
				GCC_WARN_UNUSED_FUNCTION = YES;
				GCC_WARN_UNUSED_VARIABLE = YES;
				IPHONEOS_DEPLOYMENT_TARGET = 17.0;
				LOCALIZATION_PREFERS_STRING_CATALOGS = YES;
				MTL_ENABLE_DEBUG_INFO = INCLUDE_SOURCE;
				MTL_FAST_MATH = YES;
				ONLY_ACTIVE_ARCH = YES;
				SDKROOT = iphoneos;
				SWIFT_ACTIVE_COMPILATION_CONDITIONS = "DEBUG $(inherited)";
				SWIFT_OPTIMIZATION_LEVEL = "-Onone";
			};
			name = Debug;
		};
		C53374F52AF341EA0080A39D /* Release */ = {
			isa = XCBuildConfiguration;
			buildSettings = {
				ALWAYS_SEARCH_USER_PATHS = NO;
				ASSETCATALOG_COMPILER_GENERATE_SWIFT_ASSET_SYMBOL_EXTENSIONS = YES;
				CLANG_ANALYZER_NONNULL = YES;
				CLANG_ANALYZER_NUMBER_OBJECT_CONVERSION = YES_AGGRESSIVE;
				CLANG_CXX_LANGUAGE_STANDARD = "gnu++20";
				CLANG_ENABLE_MODULES = YES;
				CLANG_ENABLE_OBJC_ARC = YES;
				CLANG_ENABLE_OBJC_WEAK = YES;
				CLANG_WARN_BLOCK_CAPTURE_AUTORELEASING = YES;
				CLANG_WARN_BOOL_CONVERSION = YES;
				CLANG_WARN_COMMA = YES;
				CLANG_WARN_CONSTANT_CONVERSION = YES;
				CLANG_WARN_DEPRECATED_OBJC_IMPLEMENTATIONS = YES;
				CLANG_WARN_DIRECT_OBJC_ISA_USAGE = YES_ERROR;
				CLANG_WARN_DOCUMENTATION_COMMENTS = YES;
				CLANG_WARN_EMPTY_BODY = YES;
				CLANG_WARN_ENUM_CONVERSION = YES;
				CLANG_WARN_INFINITE_RECURSION = YES;
				CLANG_WARN_INT_CONVERSION = YES;
				CLANG_WARN_NON_LITERAL_NULL_CONVERSION = YES;
				CLANG_WARN_OBJC_IMPLICIT_RETAIN_SELF = YES;
				CLANG_WARN_OBJC_LITERAL_CONVERSION = YES;
				CLANG_WARN_OBJC_ROOT_CLASS = YES_ERROR;
				CLANG_WARN_QUOTED_INCLUDE_IN_FRAMEWORK_HEADER = YES;
				CLANG_WARN_RANGE_LOOP_ANALYSIS = YES;
				CLANG_WARN_STRICT_PROTOTYPES = YES;
				CLANG_WARN_SUSPICIOUS_MOVE = YES;
				CLANG_WARN_UNGUARDED_AVAILABILITY = YES_AGGRESSIVE;
				CLANG_WARN_UNREACHABLE_CODE = YES;
				CLANG_WARN__DUPLICATE_METHOD_MATCH = YES;
				COPY_PHASE_STRIP = NO;
				DEBUG_INFORMATION_FORMAT = "dwarf-with-dsym";
				ENABLE_NS_ASSERTIONS = NO;
				ENABLE_STRICT_OBJC_MSGSEND = YES;
				ENABLE_USER_SCRIPT_SANDBOXING = YES;
				GCC_C_LANGUAGE_STANDARD = gnu17;
				GCC_NO_COMMON_BLOCKS = YES;
				GCC_WARN_64_TO_32_BIT_CONVERSION = YES;
				GCC_WARN_ABOUT_RETURN_TYPE = YES_ERROR;
				GCC_WARN_UNDECLARED_SELECTOR = YES;
				GCC_WARN_UNINITIALIZED_AUTOS = YES_AGGRESSIVE;
				GCC_WARN_UNUSED_FUNCTION = YES;
				GCC_WARN_UNUSED_VARIABLE = YES;
				IPHONEOS_DEPLOYMENT_TARGET = 17.0;
				LOCALIZATION_PREFERS_STRING_CATALOGS = YES;
				MTL_ENABLE_DEBUG_INFO = NO;
				MTL_FAST_MATH = YES;
				SDKROOT = iphoneos;
				SWIFT_COMPILATION_MODE = wholemodule;
				VALIDATE_PRODUCT = YES;
			};
			name = Release;
		};
		C53374F72AF341EA0080A39D /* Debug */ = {
			isa = XCBuildConfiguration;
			buildSettings = {
				ASSETCATALOG_COMPILER_APPICON_NAME = AppIcon;
				ASSETCATALOG_COMPILER_GLOBAL_ACCENT_COLOR_NAME = AccentColor;
				CODE_SIGN_STYLE = Automatic;
				CURRENT_PROJECT_VERSION = 1;
				DEVELOPMENT_ASSET_PATHS = "\"MedicalConsultations/Preview Content\"";
				DEVELOPMENT_TEAM = DWNX563SG6;
				ENABLE_PREVIEWS = YES;
				GENERATE_INFOPLIST_FILE = YES;
				INFOPLIST_KEY_UIApplicationSceneManifest_Generation = YES;
				INFOPLIST_KEY_UIApplicationSupportsIndirectInputEvents = YES;
				INFOPLIST_KEY_UILaunchScreen_Generation = YES;
				INFOPLIST_KEY_UISupportedInterfaceOrientations_iPad = "UIInterfaceOrientationPortrait UIInterfaceOrientationPortraitUpsideDown UIInterfaceOrientationLandscapeLeft UIInterfaceOrientationLandscapeRight";
				INFOPLIST_KEY_UISupportedInterfaceOrientations_iPhone = "UIInterfaceOrientationPortrait UIInterfaceOrientationLandscapeLeft UIInterfaceOrientationLandscapeRight";
				LD_RUNPATH_SEARCH_PATHS = (
					"$(inherited)",
					"@executable_path/Frameworks",
				);
				MARKETING_VERSION = 1.0;
				PRODUCT_BUNDLE_IDENTIFIER = com.yurastico.MedicalConsultations;
				PRODUCT_NAME = "$(TARGET_NAME)";
				SWIFT_EMIT_LOC_STRINGS = YES;
				SWIFT_VERSION = 5.0;
				TARGETED_DEVICE_FAMILY = "1,2";
			};
			name = Debug;
		};
		C53374F82AF341EA0080A39D /* Release */ = {
			isa = XCBuildConfiguration;
			buildSettings = {
				ASSETCATALOG_COMPILER_APPICON_NAME = AppIcon;
				ASSETCATALOG_COMPILER_GLOBAL_ACCENT_COLOR_NAME = AccentColor;
				CODE_SIGN_STYLE = Automatic;
				CURRENT_PROJECT_VERSION = 1;
				DEVELOPMENT_ASSET_PATHS = "\"MedicalConsultations/Preview Content\"";
				DEVELOPMENT_TEAM = DWNX563SG6;
				ENABLE_PREVIEWS = YES;
				GENERATE_INFOPLIST_FILE = YES;
				INFOPLIST_KEY_UIApplicationSceneManifest_Generation = YES;
				INFOPLIST_KEY_UIApplicationSupportsIndirectInputEvents = YES;
				INFOPLIST_KEY_UILaunchScreen_Generation = YES;
				INFOPLIST_KEY_UISupportedInterfaceOrientations_iPad = "UIInterfaceOrientationPortrait UIInterfaceOrientationPortraitUpsideDown UIInterfaceOrientationLandscapeLeft UIInterfaceOrientationLandscapeRight";
				INFOPLIST_KEY_UISupportedInterfaceOrientations_iPhone = "UIInterfaceOrientationPortrait UIInterfaceOrientationLandscapeLeft UIInterfaceOrientationLandscapeRight";
				LD_RUNPATH_SEARCH_PATHS = (
					"$(inherited)",
					"@executable_path/Frameworks",
				);
				MARKETING_VERSION = 1.0;
				PRODUCT_BUNDLE_IDENTIFIER = com.yurastico.MedicalConsultations;
				PRODUCT_NAME = "$(TARGET_NAME)";
				SWIFT_EMIT_LOC_STRINGS = YES;
				SWIFT_VERSION = 5.0;
				TARGETED_DEVICE_FAMILY = "1,2";
			};
			name = Release;
		};
/* End XCBuildConfiguration section */

/* Begin XCConfigurationList section */
		C53374E32AF341EA0080A39D /* Build configuration list for PBXProject "MedicalConsultations" */ = {
			isa = XCConfigurationList;
			buildConfigurations = (
				C53374F42AF341EA0080A39D /* Debug */,
				C53374F52AF341EA0080A39D /* Release */,
			);
			defaultConfigurationIsVisible = 0;
			defaultConfigurationName = Release;
		};
		C53374F62AF341EA0080A39D /* Build configuration list for PBXNativeTarget "MedicalConsultations" */ = {
			isa = XCConfigurationList;
			buildConfigurations = (
				C53374F72AF341EA0080A39D /* Debug */,
				C53374F82AF341EA0080A39D /* Release */,
			);
			defaultConfigurationIsVisible = 0;
			defaultConfigurationName = Release;
		};
/* End XCConfigurationList section */
	};
	rootObject = C53374E02AF341EA0080A39D /* Project object */;
}
